
Microsoft Visual Studio Solution File, Format Version 12.00
# Visual Studio 15
VisualStudioVersion = 15.0.27130.2036
MinimumVisualStudioVersion = 10.0.40219.1
Project("{FAE04EC0-301F-11D3-BF4B-00C04F79EFBC}") = "Employee_Management", "Employee_Management\Employee_Management.csproj", "{E64FE7E0-D996-45E1-B76B-46C0EEE51CEA}"
EndProject
Global
	GlobalSection(SolutionConfigurationPlatforms) = preSolution
		Debug|Any CPU = Debug|Any CPU
		Release|Any CPU = Release|Any CPU
	EndGlobalSection
	GlobalSection(ProjectConfigurationPlatforms) = postSolution
		{E64FE7E0-D996-45E1-B76B-46C0EEE51CEA}.Debug|Any CPU.ActiveCfg = Debug|Any CPU
		{E64FE7E0-D996-45E1-B76B-46C0EEE51CEA}.Debug|Any CPU.Build.0 = Debug|Any CPU
		{E64FE7E0-D996-45E1-B76B-46C0EEE51CEA}.Release|Any CPU.ActiveCfg = Release|Any CPU
		{E64FE7E0-D996-45E1-B76B-46C0EEE51CEA}.Release|Any CPU.Build.0 = Release|Any CPU
	EndGlobalSection
	GlobalSection(SolutionProperties) = preSolution
		HideSolutionNode = FALSE
	EndGlobalSection
	GlobalSection(ExtensibilityGlobals) = postSolution
		SolutionGuid = {EE2577A0-1370-41AD-92DA-29E9F886F809}
	EndGlobalSection
EndGlobal
