
Microsoft Visual Studio Solution File, Format Version 12.00
# Visual Studio 15
VisualStudioVersion = 15.0.27130.2036
MinimumVisualStudioVersion = 10.0.40219.1
Project("{FAE04EC0-301F-11D3-BF4B-00C04F79EFBC}") = "WebServicesDemo", "WebServicesDemo\WebServicesDemo.csproj", "{BEB0E7E1-3C55-44A0-A06A-7F6AF4992F90}"
EndProject
Project("{FAE04EC0-301F-11D3-BF4B-00C04F79EFBC}") = "ClientApplication", "ClientApplication\ClientApplication.csproj", "{B35440AD-58D5-45BD-9052-6AA28DE4A737}"
	ProjectSection(ProjectDependencies) = postProject
		{BEB0E7E1-3C55-44A0-A06A-7F6AF4992F90} = {BEB0E7E1-3C55-44A0-A06A-7F6AF4992F90}
	EndProjectSection
EndProject
Global
	GlobalSection(SolutionConfigurationPlatforms) = preSolution
		Debug|Any CPU = Debug|Any CPU
		Release|Any CPU = Release|Any CPU
	EndGlobalSection
	GlobalSection(ProjectConfigurationPlatforms) = postSolution
		{BEB0E7E1-3C55-44A0-A06A-7F6AF4992F90}.Debug|Any CPU.ActiveCfg = Debug|Any CPU
		{BEB0E7E1-3C55-44A0-A06A-7F6AF4992F90}.Debug|Any CPU.Build.0 = Debug|Any CPU
		{BEB0E7E1-3C55-44A0-A06A-7F6AF4992F90}.Release|Any CPU.ActiveCfg = Release|Any CPU
		{BEB0E7E1-3C55-44A0-A06A-7F6AF4992F90}.Release|Any CPU.Build.0 = Release|Any CPU
		{B35440AD-58D5-45BD-9052-6AA28DE4A737}.Debug|Any CPU.ActiveCfg = Debug|Any CPU
		{B35440AD-58D5-45BD-9052-6AA28DE4A737}.Debug|Any CPU.Build.0 = Debug|Any CPU
		{B35440AD-58D5-45BD-9052-6AA28DE4A737}.Release|Any CPU.ActiveCfg = Release|Any CPU
		{B35440AD-58D5-45BD-9052-6AA28DE4A737}.Release|Any CPU.Build.0 = Release|Any CPU
	EndGlobalSection
	GlobalSection(SolutionProperties) = preSolution
		HideSolutionNode = FALSE
	EndGlobalSection
	GlobalSection(ExtensibilityGlobals) = postSolution
		SolutionGuid = {50E3D396-2DEF-48E5-A3A4-725D2058B8BB}
	EndGlobalSection
EndGlobal
